<?xml version="1.0" encoding="utf-8"?>
<Project ToolsVersion="4.0" xmlns="http://schemas.microsoft.com/developer/msbuild/2003">
  <ItemGroup>
    <Filter Include="Source Files">
      <UniqueIdentifier>{4FC737F1-C7A5-4376-A066-2A32D752A2FF}</UniqueIdentifier>
      <Extensions>cpp;c;cc;cxx;def;odl;idl;hpj;bat;asm;asmx</Extensions>
    </Filter>
    <Filter Include="Header Files">
      <UniqueIdentifier>{93995380-89BD-4b04-88EB-625FBE52EBFB}</UniqueIdentifier>
      <Extensions>h;hpp;hxx;hm;inl;inc;xsd</Extensions>
    </Filter>
    <Filter Include="Resource Files">
      <UniqueIdentifier>{67DA6AB6-F800-4c08-8B7A-83BB121AAD01}</UniqueIdentifier>
      <Extensions>rc;ico;cur;bmp;dlg;rc2;rct;bin;rgs;gif;jpg;jpeg;jpe;resx;tiff;tif;png;wav;mfcribbon-ms</Extensions>
    </Filter>
    <Filter Include="Libs">
      <UniqueIdentifier>{79ad6207-93cc-4ac7-a504-441fca4b2536}</UniqueIdentifier>
    </Filter>
    <Filter Include="Dasm">
      <UniqueIdentifier>{144a647b-00a8-4705-9a44-15b370cb2dbf}</UniqueIdentifier>
    </Filter>
    <Filter Include="Dasm\Header Files">
      <UniqueIdentifier>{9ccf8d90-3882-4189-a103-4d16307fba65}</UniqueIdentifier>
    </Filter>
  </ItemGroup>
  <ItemGroup>
    <ClCompile Include="WinMain.cpp">
      <Filter>Source Files</Filter>
    </ClCompile>
    <ClCompile Include="WndProc.cpp">
      <Filter>Source Files</Filter>
    </ClCompile>
    <ClCompile Include="Logger.cpp">
      <Filter>Source Files</Filter>
    </ClCompile>
    <ClCompile Include="Assert.cpp">
      <Filter>Source Files</Filter>
    </ClCompile>
    <ClCompile Include="DebuggerDP.cpp">
      <Filter>Source Files</Filter>
    </ClCompile>
    <ClCompile Include="GuiManager.cpp">
      <Filter>Source Files</Filter>
    </ClCompile>
    <ClCompile Include="MenuItems.cpp">
      <Filter>Source Files</Filter>
    </ClCompile>
    <ClCompile Include="Debug.cpp">
      <Filter>Source Files</Filter>
    </ClCompile>
    <ClCompile Include="UICreator.cpp">
      <Filter>Source Files</Filter>
    </ClCompile>
    <ClCompile Include="DebugHelpers.cpp">
      <Filter>Source Files</Filter>
    </ClCompile>
    <ClCompile Include="SymbolEngine.cpp">
      <Filter>Source Files</Filter>
    </ClCompile>
    <ClCompile Include="Breakpoint.cpp">
      <Filter>Source Files</Filter>
    </ClCompile>
    <ClCompile Include="Dasm\Dasm.cpp">
      <Filter>Dasm</Filter>
    </ClCompile>
    <ClCompile Include="Dasm\DasmEngine.cpp">
      <Filter>Dasm</Filter>
    </ClCompile>
    <ClCompile Include="Dasm\Utils.cpp">
      <Filter>Dasm</Filter>
    </ClCompile>
  </ItemGroup>
  <ItemGroup>
    <ClInclude Include="Inc\Logger.h">
      <Filter>Header Files</Filter>
    </ClInclude>
    <ClInclude Include="Inc\Common.h">
      <Filter>Header Files</Filter>
    </ClInclude>
    <ClInclude Include="Inc\WndProc.h">
      <Filter>Header Files</Filter>
    </ClInclude>
    <ClInclude Include="Inc\UICommon.h">
      <Filter>Header Files</Filter>
    </ClInclude>
    <ClInclude Include="Inc\CustomErrors.h">
      <Filter>Header Files</Filter>
    </ClInclude>
    <ClInclude Include="Res\resource.h">
      <Filter>Header Files</Filter>
    </ClInclude>
    <ClInclude Include="Inc\StringLengths.h">
      <Filter>Header Files</Filter>
    </ClInclude>
    <ClInclude Include="Inc\Assert.h">
      <Filter>Header Files</Filter>
    </ClInclude>
    <ClInclude Include="Inc\UICreator.h">
      <Filter>Header Files</Filter>
    </ClInclude>
    <ClInclude Include="Inc\DebuggerDP.h">
      <Filter>Header Files</Filter>
    </ClInclude>
    <ClInclude Include="Inc\SourceHelpers.h">
      <Filter>Header Files</Filter>
    </ClInclude>
    <ClInclude Include="Inc\GuiManager.h">
      <Filter>Header Files</Filter>
    </ClInclude>
    <ClInclude Include="Inc\MenuItems.h">
      <Filter>Header Files</Filter>
    </ClInclude>
    <ClInclude Include="Lib\Debug\CHelpLibDll.h">
      <Filter>Libs</Filter>
    </ClInclude>
    <ClInclude Include="Inc\Debug.h">
      <Filter>Header Files</Filter>
    </ClInclude>
    <ClInclude Include="Inc\DebugHelpers.h">
      <Filter>Header Files</Filter>
    </ClInclude>
    <ClInclude Include="Inc\CustomEvents.h">
      <Filter>Header Files</Filter>
    </ClInclude>
    <ClInclude Include="Inc\SymbolEngine.h">
      <Filter>Header Files</Filter>
    </ClInclude>
    <ClInclude Include="Inc\Breakpoint.h">
      <Filter>Header Files</Filter>
    </ClInclude>
    <ClInclude Include="Dasm\Dasm.h">
      <Filter>Dasm\Header Files</Filter>
    </ClInclude>
    <ClInclude Include="Dasm\DasmEngine.h">
      <Filter>Dasm\Header Files</Filter>
    </ClInclude>
    <ClInclude Include="Dasm\DasmInc.h">
      <Filter>Dasm\Header Files</Filter>
    </ClInclude>
    <ClInclude Include="Dasm\Utils.h">
      <Filter>Dasm\Header Files</Filter>
    </ClInclude>
    <ClInclude Include="Inc\DebugCommon.h">
      <Filter>Header Files</Filter>
    </ClInclude>
  </ItemGroup>
  <ItemGroup>
    <ResourceCompile Include="Res\Debugger.rc">
      <Filter>Resource Files</Filter>
    </ResourceCompile>
  </ItemGroup>
</Project>